
Microsoft Visual Studio Solution File, Format Version 12.00
# Visual Studio Version 17
VisualStudioVersion = 17.0.32002.185
MinimumVisualStudioVersion = 10.0.40219.1
Project("{FAE04EC0-301F-11D3-BF4B-00C04F79EFBC}") = "StudentMessagingApp", "StudentMessagingApp\StudentMessagingApp.csproj", "{A791D611-D7C3-4380-9523-B6287613394C}"
EndProject
Global
	GlobalSection(SolutionConfigurationPlatforms) = preSolution
		Debug|Any CPU = Debug|Any CPU
		Release|Any CPU = Release|Any CPU
	EndGlobalSection
	GlobalSection(ProjectConfigurationPlatforms) = postSolution
		{A791D611-D7C3-4380-9523-B6287613394C}.Debug|Any CPU.ActiveCfg = Debug|Any CPU
		{A791D611-D7C3-4380-9523-B6287613394C}.Debug|Any CPU.Build.0 = Debug|Any CPU
		{A791D611-D7C3-4380-9523-B6287613394C}.Release|Any CPU.ActiveCfg = Release|Any CPU
		{A791D611-D7C3-4380-9523-B6287613394C}.Release|Any CPU.Build.0 = Release|Any CPU
	EndGlobalSection
	GlobalSection(SolutionProperties) = preSolution
		HideSolutionNode = FALSE
	EndGlobalSection
	GlobalSection(ExtensibilityGlobals) = postSolution
		SolutionGuid = {23531D84-C221-4EF5-B05A-6C2850D64B64}
	EndGlobalSection
EndGlobal
